
Microsoft Visual Studio Solution File, Format Version 12.00
# Visual Studio Version 16
VisualStudioVersion = 16.0.33927.289
MinimumVisualStudioVersion = 10.0.40219.1
Project("{FAE04EC0-301F-11D3-BF4B-00C04F79EFBC}") = "ConsoleApp2", "ConsoleApp2\ConsoleApp2.csproj", "{FD7BE8BE-89DE-4223-8BFB-868C9B4650D6}"
EndProject
Global
	GlobalSection(SolutionConfigurationPlatforms) = preSolution
		Debug|Any CPU = Debug|Any CPU
		Release|Any CPU = Release|Any CPU
	EndGlobalSection
	GlobalSection(ProjectConfigurationPlatforms) = postSolution
		{FD7BE8BE-89DE-4223-8BFB-868C9B4650D6}.Debug|Any CPU.ActiveCfg = Debug|Any CPU
		{FD7BE8BE-89DE-4223-8BFB-868C9B4650D6}.Debug|Any CPU.Build.0 = Debug|Any CPU
		{FD7BE8BE-89DE-4223-8BFB-868C9B4650D6}.Release|Any CPU.ActiveCfg = Release|Any CPU
		{FD7BE8BE-89DE-4223-8BFB-868C9B4650D6}.Release|Any CPU.Build.0 = Release|Any CPU
	EndGlobalSection
	GlobalSection(SolutionProperties) = preSolution
		HideSolutionNode = FALSE
	EndGlobalSection
	GlobalSection(ExtensibilityGlobals) = postSolution
		SolutionGuid = {92DFA90F-EE39-4727-B000-5E3CFC100600}
	EndGlobalSection
EndGlobal
